
Microsoft Visual Studio Solution File, Format Version 12.00
# Visual Studio 15
VisualStudioVersion = 15.0.27428.2043
MinimumVisualStudioVersion = 10.0.40219.1
Project("{888888A0-9F3D-457C-B088-3A5042F75D52}") = "ne002", "ne002.pyproj", "{EDACB4B0-B3A4-4BC5-BF8A-918FC6AC1ADD}"
EndProject
Global
	GlobalSection(SolutionConfigurationPlatforms) = preSolution
		Debug|Any CPU = Debug|Any CPU
		Release|Any CPU = Release|Any CPU
	EndGlobalSection
	GlobalSection(ProjectConfigurationPlatforms) = postSolution
		{EDACB4B0-B3A4-4BC5-BF8A-918FC6AC1ADD}.Debug|Any CPU.ActiveCfg = Debug|Any CPU
		{EDACB4B0-B3A4-4BC5-BF8A-918FC6AC1ADD}.Debug|Any CPU.Build.0 = Debug|Any CPU
		{EDACB4B0-B3A4-4BC5-BF8A-918FC6AC1ADD}.Release|Any CPU.ActiveCfg = Release|Any CPU
		{EDACB4B0-B3A4-4BC5-BF8A-918FC6AC1ADD}.Release|Any CPU.Build.0 = Release|Any CPU
	EndGlobalSection
	GlobalSection(SolutionProperties) = preSolution
		HideSolutionNode = FALSE
	EndGlobalSection
	GlobalSection(ExtensibilityGlobals) = postSolution
		SolutionGuid = {4842B8ED-EE2D-4773-B43B-B832B26C3F6B}
	EndGlobalSection
EndGlobal
